
Microsoft Visual Studio Solution File, Format Version 12.00
# Visual Studio Version 17
VisualStudioVersion = 17.0.31903.59
MinimumVisualStudioVersion = 10.0.40219.1
Project("{FAE04EC0-301F-11D3-BF4B-00C04F79EFBC}") = "TheCodingScrolls.Console", "TheCodingScrolls.Console\TheCodingScrolls.Console.csproj", "{ED0EC15E-32AC-402A-B762-7CA65B5F75F5}"
EndProject
Global
	GlobalSection(SolutionConfigurationPlatforms) = preSolution
		Debug|Any CPU = Debug|Any CPU
		Release|Any CPU = Release|Any CPU
	EndGlobalSection
	GlobalSection(SolutionProperties) = preSolution
		HideSolutionNode = FALSE
	EndGlobalSection
	GlobalSection(ProjectConfigurationPlatforms) = postSolution
		{ED0EC15E-32AC-402A-B762-7CA65B5F75F5}.Debug|Any CPU.ActiveCfg = Debug|Any CPU
		{ED0EC15E-32AC-402A-B762-7CA65B5F75F5}.Debug|Any CPU.Build.0 = Debug|Any CPU
		{ED0EC15E-32AC-402A-B762-7CA65B5F75F5}.Release|Any CPU.ActiveCfg = Release|Any CPU
		{ED0EC15E-32AC-402A-B762-7CA65B5F75F5}.Release|Any CPU.Build.0 = Release|Any CPU
	EndGlobalSection
EndGlobal
